
Microsoft Visual Studio Solution File, Format Version 10.00
# Visual Studio 2008
Project("{FAE04EC0-301F-11D3-BF4B-00C04F79EFBC}") = "ActivosFijos.SmartClient", "ActivosFijos.SmartClient\ActivosFijos.SmartClient.csproj", "{CC1984D9-BF06-4A43-B56E-B12654438872}"
EndProject
Project("{B900F1C2-3D47-4FEC-85B3-04AAF18C3634}") = "SetupSmartDevice", "SetupSmartDevice\SetupSmartDevice.vddproj", "{29549D4A-DD50-42E8-8CC0-88E79E3506A5}"
EndProject
Global
	GlobalSection(SolutionConfigurationPlatforms) = preSolution
		Debug|Any CPU = Debug|Any CPU
		Release|Any CPU = Release|Any CPU
	EndGlobalSection
	GlobalSection(ProjectConfigurationPlatforms) = postSolution
		{CC1984D9-BF06-4A43-B56E-B12654438872}.Debug|Any CPU.ActiveCfg = Debug|Any CPU
		{CC1984D9-BF06-4A43-B56E-B12654438872}.Debug|Any CPU.Build.0 = Debug|Any CPU
		{CC1984D9-BF06-4A43-B56E-B12654438872}.Debug|Any CPU.Deploy.0 = Debug|Any CPU
		{CC1984D9-BF06-4A43-B56E-B12654438872}.Release|Any CPU.ActiveCfg = Release|Any CPU
		{CC1984D9-BF06-4A43-B56E-B12654438872}.Release|Any CPU.Build.0 = Release|Any CPU
		{CC1984D9-BF06-4A43-B56E-B12654438872}.Release|Any CPU.Deploy.0 = Release|Any CPU
		{29549D4A-DD50-42E8-8CC0-88E79E3506A5}.Debug|Any CPU.ActiveCfg = Debug
		{29549D4A-DD50-42E8-8CC0-88E79E3506A5}.Debug|Any CPU.Build.0 = Debug
		{29549D4A-DD50-42E8-8CC0-88E79E3506A5}.Release|Any CPU.ActiveCfg = Release
		{29549D4A-DD50-42E8-8CC0-88E79E3506A5}.Release|Any CPU.Build.0 = Release
	EndGlobalSection
	GlobalSection(SolutionProperties) = preSolution
		HideSolutionNode = FALSE
	EndGlobalSection
EndGlobal
